// !$*UTF8*$!
{
	archiveVersion = 1;
	classes = {
	};
	objectVersion = 77;
	objects = {

/* Begin PBXBuildFile section */
		0C78ABD1E0B70A0732F7EE2F /* PairOnDeviceView.swift in Sources */ = {isa = PBXBuildFile; fileRef = BE84038C9223A84BAFFAE233 /* PairOnDeviceView.swift */; };
		170627CC7AAA8335B2A3277F /* AppIcon.icon in Resources */ = {isa = PBXBuildFile; fileRef = D8943CD40A866E202F7964F6 /* AppIcon.icon */; };
		1A9609434342E76342B42B54 /* LocusEasterEggView.swift in Sources */ = {isa = PBXBuildFile; fileRef = 361C48381EA09BB299BD110E /* LocusEasterEggView.swift */; };
		1CBCD6A08AA473AB0CB526CA /* Theme.swift in Sources */ = {isa = PBXBuildFile; fileRef = 8EA9F9A2A821575AEE768E67 /* Theme.swift */; };
		2D719677D77D851D73D2BA60 /* PairingDocumentPicker.swift in Sources */ = {isa = PBXBuildFile; fileRef = 2E6BE765DFC4FB848609C8AA /* PairingDocumentPicker.swift */; };
		39FCB8C0E7050B9161E600C6 /* SettingsView.swift in Sources */ = {isa = PBXBuildFile; fileRef = 0E1C1367D937C33DF4F1FBE6 /* SettingsView.swift */; };
		3F84179EF76E8AA074797361 /* SavedPlace.swift in Sources */ = {isa = PBXBuildFile; fileRef = 799094E9B1F051BEAD82D2C1 /* SavedPlace.swift */; };
		41622C4D112CF14318210A71 /* PairOnDeviceService.swift in Sources */ = {isa = PBXBuildFile; fileRef = E2BC5277FD75A01A31B9830D /* PairOnDeviceService.swift */; };
		4A19A245C3B57EB4E5B02CDE /* DeviceTunnel.swift in Sources */ = {isa = PBXBuildFile; fileRef = 91E2EBD3F6F937176E4EC13F /* DeviceTunnel.swift */; };
		74A5BCF6953128864737A070 /* Assets.xcassets in Resources */ = {isa = PBXBuildFile; fileRef = 2D4CA41C622A34E45EF21F54 /* Assets.xcassets */; };
		824D08C2AC8FD477F58DE51F /* LocalDevVPN.swift in Sources */ = {isa = PBXBuildFile; fileRef = BFAD463F53BD704A35A8E65F /* LocalDevVPN.swift */; };
		83D63478BF012E572D329843 /* PairableHostAdvertiser.swift in Sources */ = {isa = PBXBuildFile; fileRef = AD401B2BF295561897BDABE6 /* PairableHostAdvertiser.swift */; };
		87B0D41458D6AF0D39C9AAA4 /* RoutePlannerSheet.swift in Sources */ = {isa = PBXBuildFile; fileRef = D76779E56819A74B78236EF1 /* RoutePlannerSheet.swift */; };
		8EAFB147F0F0E2AAE207D276 /* RouteBuilder.swift in Sources */ = {isa = PBXBuildFile; fileRef = 1FC0C702516F159A7EF6D853 /* RouteBuilder.swift */; };
		976D8B4B49C6B6588EA59B2F /* LocusApp.swift in Sources */ = {isa = PBXBuildFile; fileRef = 03DE64DA7097F210F1075553 /* LocusApp.swift */; };
		AB35A419877FF9CA0B4AB114 /* JoystickPad.swift in Sources */ = {isa = PBXBuildFile; fileRef = CFF6D1EA6EBAAF543339FF81 /* JoystickPad.swift */; };
		AC1BBA0F82E89EB56800992E /* PairingStore.swift in Sources */ = {isa = PBXBuildFile; fileRef = 7977CA785FF0B09F4F88DE7D /* PairingStore.swift */; };
		B10A777C5622EE884A890643 /* RootView.swift in Sources */ = {isa = PBXBuildFile; fileRef = FF1AF0F32E88B4227CA45694 /* RootView.swift */; };
		C5B176B29163E524B776757A /* BackgroundKeepAlive.swift in Sources */ = {isa = PBXBuildFile; fileRef = 5415BEF759B8C8AF04096B3E /* BackgroundKeepAlive.swift */; };
		C8CC0EF3E134ADF2BE9F995F /* MapDropPin.swift in Sources */ = {isa = PBXBuildFile; fileRef = 797AA07D5CE5A7FD9D385F5F /* MapDropPin.swift */; };
		D5613248D3DDD96C0D62BF7F /* MapHomeView.swift in Sources */ = {isa = PBXBuildFile; fileRef = F714A23C4C718E67E978565F /* MapHomeView.swift */; };
		DA2B8023B167C95C2A034C47 /* LocationEngine.swift in Sources */ = {isa = PBXBuildFile; fileRef = 377FB9983B927B5898D09160 /* LocationEngine.swift */; };
		EA7795A0D36F3F0AFA464944 /* SpoofSession.swift in Sources */ = {isa = PBXBuildFile; fileRef = C6C3F15BC482A2CBF13B1EA6 /* SpoofSession.swift */; };
		F42C461AA339262E17E26A10 /* SetupFlowView.swift in Sources */ = {isa = PBXBuildFile; fileRef = 429366C3732ACF4031A7006B /* SetupFlowView.swift */; };
		F8A8DEF1249AB260C4FF901A /* SilentAudioKeepAlive.swift in Sources */ = {isa = PBXBuildFile; fileRef = 6DF917A85B507FDDCF382E2F /* SilentAudioKeepAlive.swift */; };
/* End PBXBuildFile section */

/* Begin PBXFileReference section */
		03DE64DA7097F210F1075553 /* LocusApp.swift */ = {isa = PBXFileReference; lastKnownFileType = sourcecode.swift; path = LocusApp.swift; sourceTree = "<group>"; };
		0E1C1367D937C33DF4F1FBE6 /* SettingsView.swift */ = {isa = PBXFileReference; lastKnownFileType = sourcecode.swift; path = SettingsView.swift; sourceTree = "<group>"; };
		1FC0C702516F159A7EF6D853 /* RouteBuilder.swift */ = {isa = PBXFileReference; lastKnownFileType = sourcecode.swift; path = RouteBuilder.swift; sourceTree = "<group>"; };
		21D5BB24B768AA010AB8CD40 /* module.modulemap */ = {isa = PBXFileReference; lastKnownFileType = "sourcecode.module-map"; path = module.modulemap; sourceTree = "<group>"; };
		2D4CA41C622A34E45EF21F54 /* Assets.xcassets */ = {isa = PBXFileReference; lastKnownFileType = folder.assetcatalog; path = Assets.xcassets; sourceTree = "<group>"; };
		2E6BE765DFC4FB848609C8AA /* PairingDocumentPicker.swift */ = {isa = PBXFileReference; lastKnownFileType = sourcecode.swift; path = PairingDocumentPicker.swift; sourceTree = "<group>"; };
		361C48381EA09BB299BD110E /* LocusEasterEggView.swift */ = {isa = PBXFileReference; lastKnownFileType = sourcecode.swift; path = LocusEasterEggView.swift; sourceTree = "<group>"; };
		377FB9983B927B5898D09160 /* LocationEngine.swift */ = {isa = PBXFileReference; lastKnownFileType = sourcecode.swift; path = LocationEngine.swift; sourceTree = "<group>"; };
		3B51D4F370EFC220A54A082F /* Locus.entitlements */ = {isa = PBXFileReference; lastKnownFileType = text.plist.entitlements; path = Locus.entitlements; sourceTree = "<group>"; };
		429366C3732ACF4031A7006B /* SetupFlowView.swift */ = {isa = PBXFileReference; lastKnownFileType = sourcecode.swift; path = SetupFlowView.swift; sourceTree = "<group>"; };
		5415BEF759B8C8AF04096B3E /* BackgroundKeepAlive.swift */ = {isa = PBXFileReference; lastKnownFileType = sourcecode.swift; path = BackgroundKeepAlive.swift; sourceTree = "<group>"; };
		6DF917A85B507FDDCF382E2F /* SilentAudioKeepAlive.swift */ = {isa = PBXFileReference; lastKnownFileType = sourcecode.swift; path = SilentAudioKeepAlive.swift; sourceTree = "<group>"; };
		7977CA785FF0B09F4F88DE7D /* PairingStore.swift */ = {isa = PBXFileReference; lastKnownFileType = sourcecode.swift; path = PairingStore.swift; sourceTree = "<group>"; };
		797AA07D5CE5A7FD9D385F5F /* MapDropPin.swift */ = {isa = PBXFileReference; lastKnownFileType = sourcecode.swift; path = MapDropPin.swift; sourceTree = "<group>"; };
		799094E9B1F051BEAD82D2C1 /* SavedPlace.swift */ = {isa = PBXFileReference; lastKnownFileType = sourcecode.swift; path = SavedPlace.swift; sourceTree = "<group>"; };
		8EA9F9A2A821575AEE768E67 /* Theme.swift */ = {isa = PBXFileReference; lastKnownFileType = sourcecode.swift; path = Theme.swift; sourceTree = "<group>"; };
		91E2EBD3F6F937176E4EC13F /* DeviceTunnel.swift */ = {isa = PBXFileReference; lastKnownFileType = sourcecode.swift; path = DeviceTunnel.swift; sourceTree = "<group>"; };
		AD401B2BF295561897BDABE6 /* PairableHostAdvertiser.swift */ = {isa = PBXFileReference; lastKnownFileType = sourcecode.swift; path = PairableHostAdvertiser.swift; sourceTree = "<group>"; };
		AEFB9A10F8784355D5344D95 /* Locus.app */ = {isa = PBXFileReference; includeInIndex = 0; lastKnownFileType = wrapper.application; path = Locus.app; sourceTree = BUILT_PRODUCTS_DIR; };
		BE84038C9223A84BAFFAE233 /* PairOnDeviceView.swift */ = {isa = PBXFileReference; lastKnownFileType = sourcecode.swift; path = PairOnDeviceView.swift; sourceTree = "<group>"; };
		BFAD463F53BD704A35A8E65F /* LocalDevVPN.swift */ = {isa = PBXFileReference; lastKnownFileType = sourcecode.swift; path = LocalDevVPN.swift; sourceTree = "<group>"; };
		C6C3F15BC482A2CBF13B1EA6 /* SpoofSession.swift */ = {isa = PBXFileReference; lastKnownFileType = sourcecode.swift; path = SpoofSession.swift; sourceTree = "<group>"; };
		CFF6D1EA6EBAAF543339FF81 /* JoystickPad.swift */ = {isa = PBXFileReference; lastKnownFileType = sourcecode.swift; path = JoystickPad.swift; sourceTree = "<group>"; };
		D76779E56819A74B78236EF1 /* RoutePlannerSheet.swift */ = {isa = PBXFileReference; lastKnownFileType = sourcecode.swift; path = RoutePlannerSheet.swift; sourceTree = "<group>"; };
		D8943CD40A866E202F7964F6 /* AppIcon.icon */ = {isa = PBXFileReference; lastKnownFileType = wrapper.icon; path = AppIcon.icon; sourceTree = "<group>"; };
		E2BC5277FD75A01A31B9830D /* PairOnDeviceService.swift */ = {isa = PBXFileReference; lastKnownFileType = sourcecode.swift; path = PairOnDeviceService.swift; sourceTree = "<group>"; };
		F714A23C4C718E67E978565F /* MapHomeView.swift */ = {isa = PBXFileReference; lastKnownFileType = sourcecode.swift; path = MapHomeView.swift; sourceTree = "<group>"; };
		FE9BF680256F4FF39E4FECB0 /* idevice.h */ = {isa = PBXFileReference; lastKnownFileType = sourcecode.c.h; path = idevice.h; sourceTree = "<group>"; };
		FF1AF0F32E88B4227CA45694 /* RootView.swift */ = {isa = PBXFileReference; lastKnownFileType = sourcecode.swift; path = RootView.swift; sourceTree = "<group>"; };
/* End PBXFileReference section */

/* Begin PBXGroup section */
		04819CB404D166B850594890 /* Settings */ = {
			isa = PBXGroup;
			children = (
				361C48381EA09BB299BD110E /* LocusEasterEggView.swift */,
				BE84038C9223A84BAFFAE233 /* PairOnDeviceView.swift */,
				0E1C1367D937C33DF4F1FBE6 /* SettingsView.swift */,
			);
			path = Settings;
			sourceTree = "<group>";
		};
		06A40F4AE45561D4957AE6E5 /* App */ = {
			isa = PBXGroup;
			children = (
				03DE64DA7097F210F1075553 /* LocusApp.swift */,
			);
			path = App;
			sourceTree = "<group>";
		};
		1034C21D9930A5F35D463962 /* Products */ = {
			isa = PBXGroup;
			children = (
				AEFB9A10F8784355D5344D95 /* Locus.app */,
			);
			name = Products;
			sourceTree = "<group>";
		};
		23291CD2DE893C55FE7B446B /* idevice */ = {
			isa = PBXGroup;
			children = (
				FE9BF680256F4FF39E4FECB0 /* idevice.h */,
				21D5BB24B768AA010AB8CD40 /* module.modulemap */,
			);
			path = idevice;
			sourceTree = "<group>";
		};
		2C7F6D726AC574C9600B5F9A /* Map */ = {
			isa = PBXGroup;
			children = (
				797AA07D5CE5A7FD9D385F5F /* MapDropPin.swift */,
				F714A23C4C718E67E978565F /* MapHomeView.swift */,
				FF1AF0F32E88B4227CA45694 /* RootView.swift */,
			);
			path = Map;
			sourceTree = "<group>";
		};
		36D52643D1CA99DF029BE655 /* Joystick */ = {
			isa = PBXGroup;
			children = (
				CFF6D1EA6EBAAF543339FF81 /* JoystickPad.swift */,
			);
			path = Joystick;
			sourceTree = "<group>";
		};
		39D1E1A92FC48FF828B78A3E /* Features */ = {
			isa = PBXGroup;
			children = (
				36D52643D1CA99DF029BE655 /* Joystick */,
				2C7F6D726AC574C9600B5F9A /* Map */,
				B8E755C6C753821B2A8E141A /* Routes */,
				04819CB404D166B850594890 /* Settings */,
				8A34AD0FBFBBBC1E8E32A474 /* Setup */,
			);
			path = Features;
			sourceTree = "<group>";
		};
		796058090ADB9656F1AC489F = {
			isa = PBXGroup;
			children = (
				D8943CD40A866E202F7964F6 /* AppIcon.icon */,
				B9D7C7183910882434437EA5 /* Locus */,
				A3FB89DD9A662FFEED373A60 /* Vendor */,
				1034C21D9930A5F35D463962 /* Products */,
			);
			sourceTree = "<group>";
		};
		8A34AD0FBFBBBC1E8E32A474 /* Setup */ = {
			isa = PBXGroup;
			children = (
				429366C3732ACF4031A7006B /* SetupFlowView.swift */,
			);
			path = Setup;
			sourceTree = "<group>";
		};
		A3FB89DD9A662FFEED373A60 /* Vendor */ = {
			isa = PBXGroup;
			children = (
				23291CD2DE893C55FE7B446B /* idevice */,
			);
			path = Vendor;
			sourceTree = "<group>";
		};
		B32582618AEAB100F3C055BD /* Engine */ = {
			isa = PBXGroup;
			children = (
				5415BEF759B8C8AF04096B3E /* BackgroundKeepAlive.swift */,
				91E2EBD3F6F937176E4EC13F /* DeviceTunnel.swift */,
				377FB9983B927B5898D09160 /* LocationEngine.swift */,
				AD401B2BF295561897BDABE6 /* PairableHostAdvertiser.swift */,
				7977CA785FF0B09F4F88DE7D /* PairingStore.swift */,
				E2BC5277FD75A01A31B9830D /* PairOnDeviceService.swift */,
				1FC0C702516F159A7EF6D853 /* RouteBuilder.swift */,
				6DF917A85B507FDDCF382E2F /* SilentAudioKeepAlive.swift */,
				C6C3F15BC482A2CBF13B1EA6 /* SpoofSession.swift */,
			);
			path = Engine;
			sourceTree = "<group>";
		};
		B67E43CBD395C80F3D3345CB /* Support */ = {
			isa = PBXGroup;
			children = (
				BFAD463F53BD704A35A8E65F /* LocalDevVPN.swift */,
				2E6BE765DFC4FB848609C8AA /* PairingDocumentPicker.swift */,
				799094E9B1F051BEAD82D2C1 /* SavedPlace.swift */,
				8EA9F9A2A821575AEE768E67 /* Theme.swift */,
			);
			path = Support;
			sourceTree = "<group>";
		};
		B8E755C6C753821B2A8E141A /* Routes */ = {
			isa = PBXGroup;
			children = (
				D76779E56819A74B78236EF1 /* RoutePlannerSheet.swift */,
			);
			path = Routes;
			sourceTree = "<group>";
		};
		B9D7C7183910882434437EA5 /* Locus */ = {
			isa = PBXGroup;
			children = (
				06A40F4AE45561D4957AE6E5 /* App */,
				B32582618AEAB100F3C055BD /* Engine */,
				39D1E1A92FC48FF828B78A3E /* Features */,
				FA27A5BC6D7A370C663C36F1 /* Resources */,
				B67E43CBD395C80F3D3345CB /* Support */,
			);
			path = Locus;
			sourceTree = "<group>";
		};
		FA27A5BC6D7A370C663C36F1 /* Resources */ = {
			isa = PBXGroup;
			children = (
				2D4CA41C622A34E45EF21F54 /* Assets.xcassets */,
				3B51D4F370EFC220A54A082F /* Locus.entitlements */,
			);
			path = Resources;
			sourceTree = "<group>";
		};
/* End PBXGroup section */

/* Begin PBXNativeTarget section */
		4896638691C4AFF8C4B6701D /* Locus */ = {
			isa = PBXNativeTarget;
			buildConfigurationList = 499F5785D4491853643B4C0D /* Build configuration list for PBXNativeTarget "Locus" */;
			buildPhases = (
				3D126E6D0964BF8D319384BC /* Sources */,
				DD475AF090311C77FAF727EA /* Resources */,
			);
			buildRules = (
			);
			dependencies = (
			);
			name = Locus;
			packageProductDependencies = (
			);
			productName = Locus;
			productReference = AEFB9A10F8784355D5344D95 /* Locus.app */;
			productType = "com.apple.product-type.application";
		};
/* End PBXNativeTarget section */

/* Begin PBXProject section */
		EB04EC8B4299D1D64DC4EDE5 /* Project object */ = {
			isa = PBXProject;
			attributes = {
				BuildIndependentTargetsInParallel = YES;
				LastUpgradeCheck = 1600;
				TargetAttributes = {
					4896638691C4AFF8C4B6701D = {
						DevelopmentTeam = "";
						ProvisioningStyle = Automatic;
					};
				};
			};
			buildConfigurationList = E114DA24E8222F8A31A01840 /* Build configuration list for PBXProject "Locus" */;
			developmentRegion = en;
			hasScannedForEncodings = 0;
			knownRegions = (
				Base,
				en,
			);
			mainGroup = 796058090ADB9656F1AC489F;
			minimizedProjectReferenceProxies = 1;
			preferredProjectObjectVersion = 77;
			productRefGroup = 1034C21D9930A5F35D463962 /* Products */;
			projectDirPath = "";
			projectRoot = "";
			targets = (
				4896638691C4AFF8C4B6701D /* Locus */,
			);
		};
/* End PBXProject section */

/* Begin PBXResourcesBuildPhase section */
		DD475AF090311C77FAF727EA /* Resources */ = {
			isa = PBXResourcesBuildPhase;
			buildActionMask = 2147483647;
			files = (
				170627CC7AAA8335B2A3277F /* AppIcon.icon in Resources */,
				74A5BCF6953128864737A070 /* Assets.xcassets in Resources */,
			);
			runOnlyForDeploymentPostprocessing = 0;
		};
/* End PBXResourcesBuildPhase section */

/* Begin PBXSourcesBuildPhase section */
		3D126E6D0964BF8D319384BC /* Sources */ = {
			isa = PBXSourcesBuildPhase;
			buildActionMask = 2147483647;
			files = (
				C5B176B29163E524B776757A /* BackgroundKeepAlive.swift in Sources */,
				4A19A245C3B57EB4E5B02CDE /* DeviceTunnel.swift in Sources */,
				AB35A419877FF9CA0B4AB114 /* JoystickPad.swift in Sources */,
				824D08C2AC8FD477F58DE51F /* LocalDevVPN.swift in Sources */,
				DA2B8023B167C95C2A034C47 /* LocationEngine.swift in Sources */,
				976D8B4B49C6B6588EA59B2F /* LocusApp.swift in Sources */,
				1A9609434342E76342B42B54 /* LocusEasterEggView.swift in Sources */,
				C8CC0EF3E134ADF2BE9F995F /* MapDropPin.swift in Sources */,
				D5613248D3DDD96C0D62BF7F /* MapHomeView.swift in Sources */,
				41622C4D112CF14318210A71 /* PairOnDeviceService.swift in Sources */,
				0C78ABD1E0B70A0732F7EE2F /* PairOnDeviceView.swift in Sources */,
				83D63478BF012E572D329843 /* PairableHostAdvertiser.swift in Sources */,
				2D719677D77D851D73D2BA60 /* PairingDocumentPicker.swift in Sources */,
				AC1BBA0F82E89EB56800992E /* PairingStore.swift in Sources */,
				B10A777C5622EE884A890643 /* RootView.swift in Sources */,
				8EAFB147F0F0E2AAE207D276 /* RouteBuilder.swift in Sources */,
				87B0D41458D6AF0D39C9AAA4 /* RoutePlannerSheet.swift in Sources */,
				3F84179EF76E8AA074797361 /* SavedPlace.swift in Sources */,
				39FCB8C0E7050B9161E600C6 /* SettingsView.swift in Sources */,
				F42C461AA339262E17E26A10 /* SetupFlowView.swift in Sources */,
				F8A8DEF1249AB260C4FF901A /* SilentAudioKeepAlive.swift in Sources */,
				EA7795A0D36F3F0AFA464944 /* SpoofSession.swift in Sources */,
				1CBCD6A08AA473AB0CB526CA /* Theme.swift in Sources */,
			);
			runOnlyForDeploymentPostprocessing = 0;
		};
/* End PBXSourcesBuildPhase section */

/* Begin XCBuildConfiguration section */
		28BC1FD1E1ADCF31A64625B3 /* Release */ = {
			isa = XCBuildConfiguration;
			buildSettings = {
				ALWAYS_SEARCH_USER_PATHS = NO;
				CLANG_ANALYZER_NONNULL = YES;
				CLANG_ANALYZER_NUMBER_OBJECT_CONVERSION = YES_AGGRESSIVE;
				CLANG_CXX_LANGUAGE_STANDARD = "gnu++14";
				CLANG_CXX_LIBRARY = "libc++";
				CLANG_ENABLE_MODULES = YES;
				CLANG_ENABLE_OBJC_ARC = YES;
				CLANG_ENABLE_OBJC_WEAK = YES;
				CLANG_WARN_BLOCK_CAPTURE_AUTORELEASING = YES;
				CLANG_WARN_BOOL_CONVERSION = YES;
				CLANG_WARN_COMMA = YES;
				CLANG_WARN_CONSTANT_CONVERSION = YES;
				CLANG_WARN_DEPRECATED_OBJC_IMPLEMENTATIONS = YES;
				CLANG_WARN_DIRECT_OBJC_ISA_USAGE = YES_ERROR;
				CLANG_WARN_DOCUMENTATION_COMMENTS = YES;
				CLANG_WARN_EMPTY_BODY = YES;
				CLANG_WARN_ENUM_CONVERSION = YES;
				CLANG_WARN_INFINITE_RECURSION = YES;
				CLANG_WARN_INT_CONVERSION = YES;
				CLANG_WARN_NON_LITERAL_NULL_CONVERSION = YES;
				CLANG_WARN_OBJC_IMPLICIT_RETAIN_SELF = YES;
				CLANG_WARN_OBJC_LITERAL_CONVERSION = YES;
				CLANG_WARN_OBJC_ROOT_CLASS = YES_ERROR;
				CLANG_WARN_QUOTED_INCLUDE_IN_FRAMEWORK_HEADER = YES;
				CLANG_WARN_RANGE_LOOP_ANALYSIS = YES;
				CLANG_WARN_STRICT_PROTOTYPES = YES;
				CLANG_WARN_SUSPICIOUS_MOVE = YES;
				CLANG_WARN_UNGUARDED_AVAILABILITY = YES_AGGRESSIVE;
				CLANG_WARN_UNREACHABLE_CODE = YES;
				CLANG_WARN__DUPLICATE_METHOD_MATCH = YES;
				COPY_PHASE_STRIP = NO;
				DEBUG_INFORMATION_FORMAT = "dwarf-with-dsym";
				DEVELOPMENT_TEAM = "";
				ENABLE_NS_ASSERTIONS = NO;
				ENABLE_STRICT_OBJC_MSGSEND = YES;
				GCC_C_LANGUAGE_STANDARD = gnu11;
				GCC_NO_COMMON_BLOCKS = YES;
				GCC_WARN_64_TO_32_BIT_CONVERSION = YES;
				GCC_WARN_ABOUT_RETURN_TYPE = YES_ERROR;
				GCC_WARN_UNDECLARED_SELECTOR = YES;
				GCC_WARN_UNINITIALIZED_AUTOS = YES_AGGRESSIVE;
				GCC_WARN_UNUSED_FUNCTION = YES;
				GCC_WARN_UNUSED_VARIABLE = YES;
				IPHONEOS_DEPLOYMENT_TARGET = 18.0;
				MTL_ENABLE_DEBUG_INFO = NO;
				MTL_FAST_MATH = YES;
				PRODUCT_NAME = "$(TARGET_NAME)";
				SDKROOT = iphoneos;
				SWIFT_COMPILATION_MODE = wholemodule;
				SWIFT_OPTIMIZATION_LEVEL = "-O";
				SWIFT_VERSION = 5.0;
				TARGETED_DEVICE_FAMILY = "1,2";
			};
			name = Release;
		};
		7FE184EA7F574C71EE5B684D /* Release */ = {
			isa = XCBuildConfiguration;
			buildSettings = {
				ASSETCATALOG_COMPILER_APPICON_NAME = AppIcon;
				CODE_SIGN_ENTITLEMENTS = Locus/Resources/Locus.entitlements;
				CODE_SIGN_IDENTITY = "iPhone Developer";
				CODE_SIGN_STYLE = Automatic;
				CURRENT_PROJECT_VERSION = 3;
				DEVELOPMENT_TEAM = "";
				ENABLE_BITCODE = NO;
				GENERATE_INFOPLIST_FILE = NO;
				HEADER_SEARCH_PATHS = "$(PROJECT_DIR)/Vendor/idevice";
				INFOPLIST_FILE = Locus/Resources/Info.plist;
				LD_RUNPATH_SEARCH_PATHS = "$(inherited) @executable_path/Frameworks";
				LIBRARY_SEARCH_PATHS = (
					"$(inherited)",
					"$(PROJECT_DIR)/Vendor/idevice",
				);
				MARKETING_VERSION = 1.0.2;
				OTHER_LDFLAGS = (
					"$(inherited)",
					"-lidevice_ffi",
					"-lc++",
					"-lz",
				);
				"OTHER_LDFLAGS[sdk=iphoneos*]" = (
					"$(inherited)",
					"-lidevice_ffi",
					"-lc++",
					"-lz",
				);
				PRODUCT_BUNDLE_IDENTIFIER = com.chrismack.locus;
				PRODUCT_NAME = Locus;
				SDKROOT = iphoneos;
				SUPPORTS_MACCATALYST = NO;
				SWIFT_INCLUDE_PATHS = "$(PROJECT_DIR)/Vendor/idevice";
				SWIFT_OBJC_BRIDGING_HEADER = "";
				TARGETED_DEVICE_FAMILY = "1,2";
			};
			name = Release;
		};
		99E7112DC3789C83E2A09317 /* Debug */ = {
			isa = XCBuildConfiguration;
			buildSettings = {
				ALWAYS_SEARCH_USER_PATHS = NO;
				CLANG_ANALYZER_NONNULL = YES;
				CLANG_ANALYZER_NUMBER_OBJECT_CONVERSION = YES_AGGRESSIVE;
				CLANG_CXX_LANGUAGE_STANDARD = "gnu++14";
				CLANG_CXX_LIBRARY = "libc++";
				CLANG_ENABLE_MODULES = YES;
				CLANG_ENABLE_OBJC_ARC = YES;
				CLANG_ENABLE_OBJC_WEAK = YES;
				CLANG_WARN_BLOCK_CAPTURE_AUTORELEASING = YES;
				CLANG_WARN_BOOL_CONVERSION = YES;
				CLANG_WARN_COMMA = YES;
				CLANG_WARN_CONSTANT_CONVERSION = YES;
				CLANG_WARN_DEPRECATED_OBJC_IMPLEMENTATIONS = YES;
				CLANG_WARN_DIRECT_OBJC_ISA_USAGE = YES_ERROR;
				CLANG_WARN_DOCUMENTATION_COMMENTS = YES;
				CLANG_WARN_EMPTY_BODY = YES;
				CLANG_WARN_ENUM_CONVERSION = YES;
				CLANG_WARN_INFINITE_RECURSION = YES;
				CLANG_WARN_INT_CONVERSION = YES;
				CLANG_WARN_NON_LITERAL_NULL_CONVERSION = YES;
				CLANG_WARN_OBJC_IMPLICIT_RETAIN_SELF = YES;
				CLANG_WARN_OBJC_LITERAL_CONVERSION = YES;
				CLANG_WARN_OBJC_ROOT_CLASS = YES_ERROR;
				CLANG_WARN_QUOTED_INCLUDE_IN_FRAMEWORK_HEADER = YES;
				CLANG_WARN_RANGE_LOOP_ANALYSIS = YES;
				CLANG_WARN_STRICT_PROTOTYPES = YES;
				CLANG_WARN_SUSPICIOUS_MOVE = YES;
				CLANG_WARN_UNGUARDED_AVAILABILITY = YES_AGGRESSIVE;
				CLANG_WARN_UNREACHABLE_CODE = YES;
				CLANG_WARN__DUPLICATE_METHOD_MATCH = YES;
				COPY_PHASE_STRIP = NO;
				DEBUG_INFORMATION_FORMAT = dwarf;
				DEVELOPMENT_TEAM = "";
				ENABLE_STRICT_OBJC_MSGSEND = YES;
				ENABLE_TESTABILITY = YES;
				GCC_C_LANGUAGE_STANDARD = gnu11;
				GCC_DYNAMIC_NO_PIC = NO;
				GCC_NO_COMMON_BLOCKS = YES;
				GCC_OPTIMIZATION_LEVEL = 0;
				GCC_PREPROCESSOR_DEFINITIONS = (
					"$(inherited)",
					"DEBUG=1",
				);
				GCC_WARN_64_TO_32_BIT_CONVERSION = YES;
				GCC_WARN_ABOUT_RETURN_TYPE = YES_ERROR;
				GCC_WARN_UNDECLARED_SELECTOR = YES;
				GCC_WARN_UNINITIALIZED_AUTOS = YES_AGGRESSIVE;
				GCC_WARN_UNUSED_FUNCTION = YES;
				GCC_WARN_UNUSED_VARIABLE = YES;
				IPHONEOS_DEPLOYMENT_TARGET = 18.0;
				MTL_ENABLE_DEBUG_INFO = INCLUDE_SOURCE;
				MTL_FAST_MATH = YES;
				ONLY_ACTIVE_ARCH = YES;
				PRODUCT_NAME = "$(TARGET_NAME)";
				SDKROOT = iphoneos;
				SWIFT_ACTIVE_COMPILATION_CONDITIONS = DEBUG;
				SWIFT_OPTIMIZATION_LEVEL = "-Onone";
				SWIFT_VERSION = 5.0;
				TARGETED_DEVICE_FAMILY = "1,2";
			};
			name = Debug;
		};
		EC219525ECF2D2F87B9312BB /* Debug */ = {
			isa = XCBuildConfiguration;
			buildSettings = {
				ASSETCATALOG_COMPILER_APPICON_NAME = AppIcon;
				CODE_SIGN_ENTITLEMENTS = Locus/Resources/Locus.entitlements;
				CODE_SIGN_IDENTITY = "iPhone Developer";
				CODE_SIGN_STYLE = Automatic;
				CURRENT_PROJECT_VERSION = 3;
				DEVELOPMENT_TEAM = "";
				ENABLE_BITCODE = NO;
				GENERATE_INFOPLIST_FILE = NO;
				HEADER_SEARCH_PATHS = "$(PROJECT_DIR)/Vendor/idevice";
				INFOPLIST_FILE = Locus/Resources/Info.plist;
				LD_RUNPATH_SEARCH_PATHS = "$(inherited) @executable_path/Frameworks";
				LIBRARY_SEARCH_PATHS = (
					"$(inherited)",
					"$(PROJECT_DIR)/Vendor/idevice",
				);
				MARKETING_VERSION = 1.0.2;
				OTHER_LDFLAGS = (
					"$(inherited)",
					"-lidevice_ffi",
					"-lc++",
					"-lz",
				);
				"OTHER_LDFLAGS[sdk=iphoneos*]" = (
					"$(inherited)",
					"-lidevice_ffi",
					"-lc++",
					"-lz",
				);
				PRODUCT_BUNDLE_IDENTIFIER = com.chrismack.locus;
				PRODUCT_NAME = Locus;
				SDKROOT = iphoneos;
				SUPPORTS_MACCATALYST = NO;
				SWIFT_INCLUDE_PATHS = "$(PROJECT_DIR)/Vendor/idevice";
				SWIFT_OBJC_BRIDGING_HEADER = "";
				TARGETED_DEVICE_FAMILY = "1,2";
			};
			name = Debug;
		};
/* End XCBuildConfiguration section */

/* Begin XCConfigurationList section */
		499F5785D4491853643B4C0D /* Build configuration list for PBXNativeTarget "Locus" */ = {
			isa = XCConfigurationList;
			buildConfigurations = (
				EC219525ECF2D2F87B9312BB /* Debug */,
				7FE184EA7F574C71EE5B684D /* Release */,
			);
			defaultConfigurationIsVisible = 0;
			defaultConfigurationName = Debug;
		};
		E114DA24E8222F8A31A01840 /* Build configuration list for PBXProject "Locus" */ = {
			isa = XCConfigurationList;
			buildConfigurations = (
				99E7112DC3789C83E2A09317 /* Debug */,
				28BC1FD1E1ADCF31A64625B3 /* Release */,
			);
			defaultConfigurationIsVisible = 0;
			defaultConfigurationName = Debug;
		};
/* End XCConfigurationList section */
	};
	rootObject = EB04EC8B4299D1D64DC4EDE5 /* Project object */;
}
